
Microsoft Visual Studio Solution File, Format Version 12.00
# Visual Studio Version 16
VisualStudioVersion = 16.0.31005.135
MinimumVisualStudioVersion = 15.0.26124.0
Project("{2150E333-8FDC-42A3-9474-1A3956D46DE8}") = "Consumer", "Consumer", "{C96E27E1-75C6-4B7F-9DE0-730B2ADA84C5}"
EndProject
Project("{9A19103F-16F7-4668-BE54-9A1E7A4F7556}") = "Consumer", "Consumer\Consumer\Consumer.csproj", "{A5FDF962-4294-42B1-B62D-3D3D51DDDBAD}"
EndProject
Project("{9A19103F-16F7-4668-BE54-9A1E7A4F7556}") = "Consumer.Test.XUnit", "Consumer\Consumer.Test.XUnit\Consumer.Test.XUnit.csproj", "{F3E9577D-26E9-4383-9EF9-0E906E30C351}"
EndProject
Project("{2150E333-8FDC-42A3-9474-1A3956D46DE8}") = "Provider", "Provider", "{F92AD1A8-B7FE-4CCE-8350-282F569E23E0}"
EndProject
Project("{9A19103F-16F7-4668-BE54-9A1E7A4F7556}") = "Provider", "Provider\Provider\Provider.csproj", "{4103C32C-313E-4E11-87D2-C71E2D006FB1}"
EndProject
Project("{9A19103F-16F7-4668-BE54-9A1E7A4F7556}") = "Provider.Test", "Provider\Provider.Test\Provider.Test.csproj", "{6AC7462D-AA31-4D6F-8681-379D8CA2F500}"
EndProject
Project("{9A19103F-16F7-4668-BE54-9A1E7A4F7556}") = "Consumer.Test.NUnit", "Consumer\Consumer.Test.NUnit\Consumer.Test.NUnit.csproj", "{76CCEE9B-0AC8-4EDF-9634-28D54121865A}"
EndProject
Global
	GlobalSection(SolutionConfigurationPlatforms) = preSolution
		Debug|Any CPU = Debug|Any CPU
		Debug|x64 = Debug|x64
		Debug|x86 = Debug|x86
		Release|Any CPU = Release|Any CPU
		Release|x64 = Release|x64
		Release|x86 = Release|x86
	EndGlobalSection
	GlobalSection(ProjectConfigurationPlatforms) = postSolution
		{A5FDF962-4294-42B1-B62D-3D3D51DDDBAD}.Debug|Any CPU.ActiveCfg = Debug|Any CPU
		{A5FDF962-4294-42B1-B62D-3D3D51DDDBAD}.Debug|Any CPU.Build.0 = Debug|Any CPU
		{A5FDF962-4294-42B1-B62D-3D3D51DDDBAD}.Debug|x64.ActiveCfg = Debug|Any CPU
		{A5FDF962-4294-42B1-B62D-3D3D51DDDBAD}.Debug|x64.Build.0 = Debug|Any CPU
		{A5FDF962-4294-42B1-B62D-3D3D51DDDBAD}.Debug|x86.ActiveCfg = Debug|Any CPU
		{A5FDF962-4294-42B1-B62D-3D3D51DDDBAD}.Debug|x86.Build.0 = Debug|Any CPU
		{A5FDF962-4294-42B1-B62D-3D3D51DDDBAD}.Release|Any CPU.ActiveCfg = Release|Any CPU
		{A5FDF962-4294-42B1-B62D-3D3D51DDDBAD}.Release|Any CPU.Build.0 = Release|Any CPU
		{A5FDF962-4294-42B1-B62D-3D3D51DDDBAD}.Release|x64.ActiveCfg = Release|Any CPU
		{A5FDF962-4294-42B1-B62D-3D3D51DDDBAD}.Release|x64.Build.0 = Release|Any CPU
		{A5FDF962-4294-42B1-B62D-3D3D51DDDBAD}.Release|x86.ActiveCfg = Release|Any CPU
		{A5FDF962-4294-42B1-B62D-3D3D51DDDBAD}.Release|x86.Build.0 = Release|Any CPU
		{F3E9577D-26E9-4383-9EF9-0E906E30C351}.Debug|Any CPU.ActiveCfg = Debug|Any CPU
		{F3E9577D-26E9-4383-9EF9-0E906E30C351}.Debug|Any CPU.Build.0 = Debug|Any CPU
		{F3E9577D-26E9-4383-9EF9-0E906E30C351}.Debug|x64.ActiveCfg = Debug|Any CPU
		{F3E9577D-26E9-4383-9EF9-0E906E30C351}.Debug|x64.Build.0 = Debug|Any CPU
		{F3E9577D-26E9-4383-9EF9-0E906E30C351}.Debug|x86.ActiveCfg = Debug|Any CPU
		{F3E9577D-26E9-4383-9EF9-0E906E30C351}.Debug|x86.Build.0 = Debug|Any CPU
		{F3E9577D-26E9-4383-9EF9-0E906E30C351}.Release|Any CPU.ActiveCfg = Release|Any CPU
		{F3E9577D-26E9-4383-9EF9-0E906E30C351}.Release|Any CPU.Build.0 = Release|Any CPU
		{F3E9577D-26E9-4383-9EF9-0E906E30C351}.Release|x64.ActiveCfg = Release|Any CPU
		{F3E9577D-26E9-4383-9EF9-0E906E30C351}.Release|x64.Build.0 = Release|Any CPU
		{F3E9577D-26E9-4383-9EF9-0E906E30C351}.Release|x86.ActiveCfg = Release|Any CPU
		{F3E9577D-26E9-4383-9EF9-0E906E30C351}.Release|x86.Build.0 = Release|Any CPU
		{4103C32C-313E-4E11-87D2-C71E2D006FB1}.Debug|Any CPU.ActiveCfg = Debug|Any CPU
		{4103C32C-313E-4E11-87D2-C71E2D006FB1}.Debug|Any CPU.Build.0 = Debug|Any CPU
		{4103C32C-313E-4E11-87D2-C71E2D006FB1}.Debug|x64.ActiveCfg = Debug|Any CPU
		{4103C32C-313E-4E11-87D2-C71E2D006FB1}.Debug|x64.Build.0 = Debug|Any CPU
		{4103C32C-313E-4E11-87D2-C71E2D006FB1}.Debug|x86.ActiveCfg = Debug|Any CPU
		{4103C32C-313E-4E11-87D2-C71E2D006FB1}.Debug|x86.Build.0 = Debug|Any CPU
		{4103C32C-313E-4E11-87D2-C71E2D006FB1}.Release|Any CPU.ActiveCfg = Release|Any CPU
		{4103C32C-313E-4E11-87D2-C71E2D006FB1}.Release|Any CPU.Build.0 = Release|Any CPU
		{4103C32C-313E-4E11-87D2-C71E2D006FB1}.Release|x64.ActiveCfg = Release|Any CPU
		{4103C32C-313E-4E11-87D2-C71E2D006FB1}.Release|x64.Build.0 = Release|Any CPU
		{4103C32C-313E-4E11-87D2-C71E2D006FB1}.Release|x86.ActiveCfg = Release|Any CPU
		{4103C32C-313E-4E11-87D2-C71E2D006FB1}.Release|x86.Build.0 = Release|Any CPU
		{6AC7462D-AA31-4D6F-8681-379D8CA2F500}.Debug|Any CPU.ActiveCfg = Debug|Any CPU
		{6AC7462D-AA31-4D6F-8681-379D8CA2F500}.Debug|Any CPU.Build.0 = Debug|Any CPU
		{6AC7462D-AA31-4D6F-8681-379D8CA2F500}.Debug|x64.ActiveCfg = Debug|Any CPU
		{6AC7462D-AA31-4D6F-8681-379D8CA2F500}.Debug|x64.Build.0 = Debug|Any CPU
		{6AC7462D-AA31-4D6F-8681-379D8CA2F500}.Debug|x86.ActiveCfg = Debug|Any CPU
		{6AC7462D-AA31-4D6F-8681-379D8CA2F500}.Debug|x86.Build.0 = Debug|Any CPU
		{6AC7462D-AA31-4D6F-8681-379D8CA2F500}.Release|Any CPU.ActiveCfg = Release|Any CPU
		{6AC7462D-AA31-4D6F-8681-379D8CA2F500}.Release|Any CPU.Build.0 = Release|Any CPU
		{6AC7462D-AA31-4D6F-8681-379D8CA2F500}.Release|x64.ActiveCfg = Release|Any CPU
		{6AC7462D-AA31-4D6F-8681-379D8CA2F500}.Release|x64.Build.0 = Release|Any CPU
		{6AC7462D-AA31-4D6F-8681-379D8CA2F500}.Release|x86.ActiveCfg = Release|Any CPU
		{6AC7462D-AA31-4D6F-8681-379D8CA2F500}.Release|x86.Build.0 = Release|Any CPU
		{76CCEE9B-0AC8-4EDF-9634-28D54121865A}.Debug|Any CPU.ActiveCfg = Debug|Any CPU
		{76CCEE9B-0AC8-4EDF-9634-28D54121865A}.Debug|Any CPU.Build.0 = Debug|Any CPU
		{76CCEE9B-0AC8-4EDF-9634-28D54121865A}.Debug|x64.ActiveCfg = Debug|Any CPU
		{76CCEE9B-0AC8-4EDF-9634-28D54121865A}.Debug|x64.Build.0 = Debug|Any CPU
		{76CCEE9B-0AC8-4EDF-9634-28D54121865A}.Debug|x86.ActiveCfg = Debug|Any CPU
		{76CCEE9B-0AC8-4EDF-9634-28D54121865A}.Debug|x86.Build.0 = Debug|Any CPU
		{76CCEE9B-0AC8-4EDF-9634-28D54121865A}.Release|Any CPU.ActiveCfg = Release|Any CPU
		{76CCEE9B-0AC8-4EDF-9634-28D54121865A}.Release|Any CPU.Build.0 = Release|Any CPU
		{76CCEE9B-0AC8-4EDF-9634-28D54121865A}.Release|x64.ActiveCfg = Release|Any CPU
		{76CCEE9B-0AC8-4EDF-9634-28D54121865A}.Release|x64.Build.0 = Release|Any CPU
		{76CCEE9B-0AC8-4EDF-9634-28D54121865A}.Release|x86.ActiveCfg = Release|Any CPU
		{76CCEE9B-0AC8-4EDF-9634-28D54121865A}.Release|x86.Build.0 = Release|Any CPU
	EndGlobalSection
	GlobalSection(SolutionProperties) = preSolution
		HideSolutionNode = FALSE
	EndGlobalSection
	GlobalSection(NestedProjects) = preSolution
		{A5FDF962-4294-42B1-B62D-3D3D51DDDBAD} = {C96E27E1-75C6-4B7F-9DE0-730B2ADA84C5}
		{F3E9577D-26E9-4383-9EF9-0E906E30C351} = {C96E27E1-75C6-4B7F-9DE0-730B2ADA84C5}
		{4103C32C-313E-4E11-87D2-C71E2D006FB1} = {F92AD1A8-B7FE-4CCE-8350-282F569E23E0}
		{6AC7462D-AA31-4D6F-8681-379D8CA2F500} = {F92AD1A8-B7FE-4CCE-8350-282F569E23E0}
		{76CCEE9B-0AC8-4EDF-9634-28D54121865A} = {C96E27E1-75C6-4B7F-9DE0-730B2ADA84C5}
	EndGlobalSection
	GlobalSection(ExtensibilityGlobals) = postSolution
		SolutionGuid = {90FE2346-F8B4-496C-A041-37472CDBA0D0}
	EndGlobalSection
EndGlobal
